{
  "name": "campus-walk",
  "version": "0.1.0",
  "lockfileVersion": 3,
  "requires": true,
  "packages": {
    "": {
      "name": "campus-walk",
      "version": "0.1.0",
      "devDependencies": {
        "laz-perf": "^0.0.7"
      }
    },
    "node_modules/laz-perf": {
      "version": "0.0.7",
      "resolved": "https://registry.npmjs.org/laz-perf/-/laz-perf-0.0.7.tgz",
      "integrity": "sha512-2xRqm/f/2UqDS5qqkjOyDb6uVIjkVw6SGmQlMoTQliVWkZhPfIbUJTubUl3mTloaWqKcjlS/urmP1CYoxelsEg==",
      "dev": true,
      "license": "Apache-2.0"
    }
  }
}
